// !$*UTF8*$!
{
	archiveVersion = 1;
	classes = {
	};
	objectVersion = 48;
	objects = {

/* Begin PBXBuildFile section */
		21D767D04AFA8F634972649C /* libPods-study_iOSUITests.a in Frameworks */ = {isa = PBXBuildFile; fileRef = BC83DE1E6639BEF1E29D6F11 /* libPods-study_iOSUITests.a */; };
		62057B8421AA3A6E009EF5FA /* UIColor+WK_Custom.m in Sources */ = {isa = PBXBuildFile; fileRef = 62057B8321AA3A6E009EF5FA /* UIColor+WK_Custom.m */; };
		624842DD2181740500CF500D /* mainTableView_Cell.m in Sources */ = {isa = PBXBuildFile; fileRef = 624842D82181740400CF500D /* mainTableView_Cell.m */; };
		624842DE2181740500CF500D /* ViewController.m in Sources */ = {isa = PBXBuildFile; fileRef = 624842D92181740400CF500D /* ViewController.m */; };
		624842DF2181740500CF500D /* mainTableView_Cell.xib in Resources */ = {isa = PBXBuildFile; fileRef = 624842DB2181740400CF500D /* mainTableView_Cell.xib */; };
		624842F021817F8600CF500D /* LaunchScreen.storyboard in Resources */ = {isa = PBXBuildFile; fileRef = 624842EF21817F8600CF500D /* LaunchScreen.storyboard */; };
		624842F32181804700CF500D /* WK_Tools.m in Sources */ = {isa = PBXBuildFile; fileRef = 624842F22181804700CF500D /* WK_Tools.m */; };
		624C4175218ADD1F0009A795 /* Touch_MainVC.m in Sources */ = {isa = PBXBuildFile; fileRef = 624C4174218ADD1F0009A795 /* Touch_MainVC.m */; };
		625777EC219ED2D00086564A /* UIImage+ColorImage.m in Sources */ = {isa = PBXBuildFile; fileRef = 625777EB219ED2D00086564A /* UIImage+ColorImage.m */; };
		627D24FD2184087400D04160 /* HXCustomCameraViewController.m in Sources */ = {isa = PBXBuildFile; fileRef = 627D24AA2184087400D04160 /* HXCustomCameraViewController.m */; };
		627D24FE2184087400D04160 /* UIViewController+HXExtension.m in Sources */ = {isa = PBXBuildFile; fileRef = 627D24AB2184087400D04160 /* UIViewController+HXExtension.m */; };
		627D24FF2184087400D04160 /* HXPhotoConfiguration.m in Sources */ = {isa = PBXBuildFile; fileRef = 627D24AC2184087400D04160 /* HXPhotoConfiguration.m */; };
		627D25002184087400D04160 /* HXDownloadProgressView.m in Sources */ = {isa = PBXBuildFile; fileRef = 627D24AD2184087400D04160 /* HXDownloadProgressView.m */; };
		627D25012184087400D04160 /* HXPhoto3DTouchViewController.m in Sources */ = {isa = PBXBuildFile; fileRef = 627D24B02184087400D04160 /* HXPhoto3DTouchViewController.m */; };
		627D25022184087400D04160 /* HXDatePhotoPreviewBottomView.m in Sources */ = {isa = PBXBuildFile; fileRef = 627D24B12184087400D04160 /* HXDatePhotoPreviewBottomView.m */; };
		627D25032184087400D04160 /* NSBundle+HXPhotoPicker.m in Sources */ = {isa = PBXBuildFile; fileRef = 627D24B32184087400D04160 /* NSBundle+HXPhotoPicker.m */; };
		627D25042184087400D04160 /* HXCollectionView.m in Sources */ = {isa = PBXBuildFile; fileRef = 627D24B92184087400D04160 /* HXCollectionView.m */; };
		627D25052184087400D04160 /* UIImageView+HXExtension.m in Sources */ = {isa = PBXBuildFile; fileRef = 627D24BB2184087400D04160 /* UIImageView+HXExtension.m */; };
		627D25062184087400D04160 /* UIFont+HXExtension.m in Sources */ = {isa = PBXBuildFile; fileRef = 627D24BC2184087400D04160 /* UIFont+HXExtension.m */; };
		627D25072184087400D04160 /* HXDatePhotoInteractiveTransition.m in Sources */ = {isa = PBXBuildFile; fileRef = 627D24BE2184087400D04160 /* HXDatePhotoInteractiveTransition.m */; };
		627D25082184087400D04160 /* HXPhotoModel.m in Sources */ = {isa = PBXBuildFile; fileRef = 627D24BF2184087400D04160 /* HXPhotoModel.m */; };
		627D25092184087400D04160 /* HXAlbumListViewController.m in Sources */ = {isa = PBXBuildFile; fileRef = 627D24C02184087400D04160 /* HXAlbumListViewController.m */; };
		627D250A2184087400D04160 /* UIView+HXExtension.m in Sources */ = {isa = PBXBuildFile; fileRef = 627D24C52184087400D04160 /* UIView+HXExtension.m */; };
		627D250B2184087400D04160 /* HXPhotoCustomNavigationBar.m in Sources */ = {isa = PBXBuildFile; fileRef = 627D24C62184087400D04160 /* HXPhotoCustomNavigationBar.m */; };
		627D250C2184087400D04160 /* HXPhotoTools.m in Sources */ = {isa = PBXBuildFile; fileRef = 627D24C82184087400D04160 /* HXPhotoTools.m */; };
		627D250D2184087400D04160 /* HXDatePhotoPreviewViewController.m in Sources */ = {isa = PBXBuildFile; fileRef = 627D24CA2184087400D04160 /* HXDatePhotoPreviewViewController.m */; };
		627D250E2184087400D04160 /* HXDatePhotoViewFlowLayout.m in Sources */ = {isa = PBXBuildFile; fileRef = 627D24CB2184087400D04160 /* HXDatePhotoViewFlowLayout.m */; };
		627D250F2184087400D04160 /* HXDatePhotoViewController.m in Sources */ = {isa = PBXBuildFile; fileRef = 627D24CC2184087400D04160 /* HXDatePhotoViewController.m */; };
		627D25102184087400D04160 /* HXPhotoManager.m in Sources */ = {isa = PBXBuildFile; fileRef = 627D24CF2184087400D04160 /* HXPhotoManager.m */; };
		627D25112184087400D04160 /* HXDatePhotoViewPresentTransition.m in Sources */ = {isa = PBXBuildFile; fileRef = 627D24D02184087400D04160 /* HXDatePhotoViewPresentTransition.m */; };
		627D25122184087400D04160 /* HXCustomCameraController.m in Sources */ = {isa = PBXBuildFile; fileRef = 627D24D32184087400D04160 /* HXCustomCameraController.m */; };
		627D25132184087400D04160 /* UIImage+HXExtension.m in Sources */ = {isa = PBXBuildFile; fileRef = 627D24D92184087400D04160 /* UIImage+HXExtension.m */; };
		627D25142184087400D04160 /* HXCustomCollectionReusableView.m in Sources */ = {isa = PBXBuildFile; fileRef = 627D24DA2184087400D04160 /* HXCustomCollectionReusableView.m */; };
		627D25152184087400D04160 /* HXCustomAssetModel.m in Sources */ = {isa = PBXBuildFile; fileRef = 627D24DB2184087400D04160 /* HXCustomAssetModel.m */; };
		627D25162184087400D04160 /* HXPhotoView.m in Sources */ = {isa = PBXBuildFile; fileRef = 627D24DD2184087400D04160 /* HXPhotoView.m */; };
		627D25172184087400D04160 /* HXFullScreenCameraPlayView.m in Sources */ = {isa = PBXBuildFile; fileRef = 627D24DE2184087400D04160 /* HXFullScreenCameraPlayView.m */; };
		627D25182184087400D04160 /* NSDate+HXExtension.m in Sources */ = {isa = PBXBuildFile; fileRef = 627D24DF2184087400D04160 /* NSDate+HXExtension.m */; };
		627D25192184087400D04160 /* HXCustomNavigationController.m in Sources */ = {isa = PBXBuildFile; fileRef = 627D24E12184087400D04160 /* HXCustomNavigationController.m */; };
		627D251A2184087400D04160 /* HXDatePhotoViewTransition.m in Sources */ = {isa = PBXBuildFile; fileRef = 627D24E22184087400D04160 /* HXDatePhotoViewTransition.m */; };
		627D251B2184087400D04160 /* HXPhotoSubViewCell.m in Sources */ = {isa = PBXBuildFile; fileRef = 627D24E62184087400D04160 /* HXPhotoSubViewCell.m */; };
		627D251C2184087400D04160 /* HXAlbumModel.m in Sources */ = {isa = PBXBuildFile; fileRef = 627D24E82184087400D04160 /* HXAlbumModel.m */; };
		627D251D2184087400D04160 /* HXAlbumlistView.m in Sources */ = {isa = PBXBuildFile; fileRef = 627D24EB2184087400D04160 /* HXAlbumlistView.m */; };
		627D251E2184087400D04160 /* UIButton+HXExtension.m in Sources */ = {isa = PBXBuildFile; fileRef = 627D24EC2184087400D04160 /* UIButton+HXExtension.m */; };
		627D251F2184087400D04160 /* HXCustomPreviewView.m in Sources */ = {isa = PBXBuildFile; fileRef = 627D24ED2184087400D04160 /* HXCustomPreviewView.m */; };
		627D25202184087400D04160 /* HXDatePhotoPersentInteractiveTransition.m in Sources */ = {isa = PBXBuildFile; fileRef = 627D24EE2184087400D04160 /* HXDatePhotoPersentInteractiveTransition.m */; };
		627D25212184087400D04160 /* HXCircleProgressView.m in Sources */ = {isa = PBXBuildFile; fileRef = 627D24F02184087400D04160 /* HXCircleProgressView.m */; };
		627D25222184087400D04160 /* HXDateVideoEditViewController.m in Sources */ = {isa = PBXBuildFile; fileRef = 627D24F52184087400D04160 /* HXDateVideoEditViewController.m */; };
		627D25232184087400D04160 /* HXPhotoPicker.bundle in Resources */ = {isa = PBXBuildFile; fileRef = 627D24F62184087400D04160 /* HXPhotoPicker.bundle */; };
		627D25242184087400D04160 /* HXDatePhotoToolManager.m in Sources */ = {isa = PBXBuildFile; fileRef = 627D24F92184087400D04160 /* HXDatePhotoToolManager.m */; };
		627D25252184087400D04160 /* HXDatePhotoEditViewController.m in Sources */ = {isa = PBXBuildFile; fileRef = 627D24FA2184087400D04160 /* HXDatePhotoEditViewController.m */; };
		62CFE91121FC57300094BC01 /* WKSwizzle.m in Sources */ = {isa = PBXBuildFile; fileRef = 62CFE90621FC572F0094BC01 /* WKSwizzle.m */; };
		62CFE91221FC57300094BC01 /* UIImage+WK_NavigationBarTransition.m in Sources */ = {isa = PBXBuildFile; fileRef = 62CFE90821FC572F0094BC01 /* UIImage+WK_NavigationBarTransition.m */; };
		62CFE91321FC57300094BC01 /* WK_NavigationBar.m in Sources */ = {isa = PBXBuildFile; fileRef = 62CFE90A21FC572F0094BC01 /* WK_NavigationBar.m */; };
		62CFE91421FC57300094BC01 /* UINavigationController+WK_NavigationBarTransition.m in Sources */ = {isa = PBXBuildFile; fileRef = 62CFE90F21FC572F0094BC01 /* UINavigationController+WK_NavigationBarTransition.m */; };
		62CFE91521FC57300094BC01 /* UIViewController+WK_NavigationBarTranstion.m in Sources */ = {isa = PBXBuildFile; fileRef = 62CFE91021FC572F0094BC01 /* UIViewController+WK_NavigationBarTranstion.m */; };
		62CFE91821FC57470094BC01 /* ColorPickerView.m in Sources */ = {isa = PBXBuildFile; fileRef = 62CFE91621FC57460094BC01 /* ColorPickerView.m */; };
		62CFE91B21FC57590094BC01 /* shadowImage.png in Resources */ = {isa = PBXBuildFile; fileRef = 62CFE91921FC57590094BC01 /* shadowImage.png */; };
		62CFE91C21FC57590094BC01 /* bgicon.png in Resources */ = {isa = PBXBuildFile; fileRef = 62CFE91A21FC57590094BC01 /* bgicon.png */; };
		62CFE92021FC58270094BC01 /* NaviDemo.m in Sources */ = {isa = PBXBuildFile; fileRef = 62CFE91F21FC58270094BC01 /* NaviDemo.m */; };
		62CFE92321FC58710094BC01 /* BigTitleVC.m in Sources */ = {isa = PBXBuildFile; fileRef = 62CFE92121FC58710094BC01 /* BigTitleVC.m */; };
		62D2329B2180951400332801 /* AppDelegate.m in Sources */ = {isa = PBXBuildFile; fileRef = 62D2329A2180951400332801 /* AppDelegate.m */; };
		62D232A42180951400332801 /* study_iOS.xcdatamodeld in Sources */ = {isa = PBXBuildFile; fileRef = 62D232A22180951400332801 /* study_iOS.xcdatamodeld */; };
		62D232A62180951500332801 /* Assets.xcassets in Resources */ = {isa = PBXBuildFile; fileRef = 62D232A52180951500332801 /* Assets.xcassets */; };
		62D232AC2180951600332801 /* main.m in Sources */ = {isa = PBXBuildFile; fileRef = 62D232AB2180951600332801 /* main.m */; };
		62D232B62180951600332801 /* study_iOSTests.m in Sources */ = {isa = PBXBuildFile; fileRef = 62D232B52180951600332801 /* study_iOSTests.m */; };
		62D232C12180951600332801 /* study_iOSUITests.m in Sources */ = {isa = PBXBuildFile; fileRef = 62D232C02180951600332801 /* study_iOSUITests.m */; };
		62D232DC2180CAD400332801 /* FMDBVC.m in Sources */ = {isa = PBXBuildFile; fileRef = 62D232DB2180CAD400332801 /* FMDBVC.m */; };
		C2D3355DF0FB07D0026BA48B /* libPods-study_iOSTests.a in Frameworks */ = {isa = PBXBuildFile; fileRef = 80A9AF6431E631F330F7EB2A /* libPods-study_iOSTests.a */; };
		D1221F6A22D2FC9FB5113F75 /* libPods-study_iOS.a in Frameworks */ = {isa = PBXBuildFile; fileRef = 21FEF73C422B39A7C2C2C6D3 /* libPods-study_iOS.a */; };
/* End PBXBuildFile section */

/* Begin PBXContainerItemProxy section */
		62D232B22180951600332801 /* PBXContainerItemProxy */ = {
			isa = PBXContainerItemProxy;
			containerPortal = 62D2328E2180951400332801 /* Project object */;
			proxyType = 1;
			remoteGlobalIDString = 62D232952180951400332801;
			remoteInfo = study_iOS;
		};
		62D232BD2180951600332801 /* PBXContainerItemProxy */ = {
			isa = PBXContainerItemProxy;
			containerPortal = 62D2328E2180951400332801 /* Project object */;
			proxyType = 1;
			remoteGlobalIDString = 62D232952180951400332801;
			remoteInfo = study_iOS;
		};
/* End PBXContainerItemProxy section */

/* Begin PBXFileReference section */
		1D269D7B9323CEBCC00104BE /* Pods-study_iOSTests.debug.xcconfig */ = {isa = PBXFileReference; includeInIndex = 1; lastKnownFileType = text.xcconfig; name = "Pods-study_iOSTests.debug.xcconfig"; path = "Pods/Target Support Files/Pods-study_iOSTests/Pods-study_iOSTests.debug.xcconfig"; sourceTree = "<group>"; };
		21FEF73C422B39A7C2C2C6D3 /* libPods-study_iOS.a */ = {isa = PBXFileReference; explicitFileType = archive.ar; includeInIndex = 0; path = "libPods-study_iOS.a"; sourceTree = BUILT_PRODUCTS_DIR; };
		2655DBA3FE2066C63EAB9F29 /* Pods-study_iOS.release.xcconfig */ = {isa = PBXFileReference; includeInIndex = 1; lastKnownFileType = text.xcconfig; name = "Pods-study_iOS.release.xcconfig"; path = "Pods/Target Support Files/Pods-study_iOS/Pods-study_iOS.release.xcconfig"; sourceTree = "<group>"; };
		2F272173DF612BE8AECFBE6B /* Pods-study_iOS.debug.xcconfig */ = {isa = PBXFileReference; includeInIndex = 1; lastKnownFileType = text.xcconfig; name = "Pods-study_iOS.debug.xcconfig"; path = "Pods/Target Support Files/Pods-study_iOS/Pods-study_iOS.debug.xcconfig"; sourceTree = "<group>"; };
		3DCA76B6161445A5356F2815 /* Pods-study_iOSUITests.debug.xcconfig */ = {isa = PBXFileReference; includeInIndex = 1; lastKnownFileType = text.xcconfig; name = "Pods-study_iOSUITests.debug.xcconfig"; path = "Pods/Target Support Files/Pods-study_iOSUITests/Pods-study_iOSUITests.debug.xcconfig"; sourceTree = "<group>"; };
		62057B8221AA3A6E009EF5FA /* UIColor+WK_Custom.h */ = {isa = PBXFileReference; fileEncoding = 4; lastKnownFileType = sourcecode.c.h; path = "UIColor+WK_Custom.h"; sourceTree = "<group>"; };
		62057B8321AA3A6E009EF5FA /* UIColor+WK_Custom.m */ = {isa = PBXFileReference; fileEncoding = 4; lastKnownFileType = sourcecode.c.objc; path = "UIColor+WK_Custom.m"; sourceTree = "<group>"; };
		624842D82181740400CF500D /* mainTableView_Cell.m */ = {isa = PBXFileReference; fileEncoding = 4; lastKnownFileType = sourcecode.c.objc; path = mainTableView_Cell.m; sourceTree = "<group>"; };
		624842D92181740400CF500D /* ViewController.m */ = {isa = PBXFileReference; fileEncoding = 4; lastKnownFileType = sourcecode.c.objc; path = ViewController.m; sourceTree = "<group>"; };
		624842DA2181740400CF500D /* mainTableView_Cell.h */ = {isa = PBXFileReference; fileEncoding = 4; lastKnownFileType = sourcecode.c.h; path = mainTableView_Cell.h; sourceTree = "<group>"; };
		624842DB2181740400CF500D /* mainTableView_Cell.xib */ = {isa = PBXFileReference; fileEncoding = 4; lastKnownFileType = file.xib; path = mainTableView_Cell.xib; sourceTree = "<group>"; };
		624842DC2181740400CF500D /* ViewController.h */ = {isa = PBXFileReference; fileEncoding = 4; lastKnownFileType = sourcecode.c.h; path = ViewController.h; sourceTree = "<group>"; };
		624842EE21817E9300CF500D /* WK_Study_iOS.pch */ = {isa = PBXFileReference; lastKnownFileType = sourcecode.c.h; path = WK_Study_iOS.pch; sourceTree = "<group>"; };
		624842EF21817F8600CF500D /* LaunchScreen.storyboard */ = {isa = PBXFileReference; fileEncoding = 4; lastKnownFileType = file.storyboard; path = LaunchScreen.storyboard; sourceTree = "<group>"; };
		624842F12181804700CF500D /* WK_Tools.h */ = {isa = PBXFileReference; lastKnownFileType = sourcecode.c.h; path = WK_Tools.h; sourceTree = "<group>"; };
		624842F22181804700CF500D /* WK_Tools.m */ = {isa = PBXFileReference; lastKnownFileType = sourcecode.c.objc; path = WK_Tools.m; sourceTree = "<group>"; };
		624C4173218ADD1F0009A795 /* Touch_MainVC.h */ = {isa = PBXFileReference; lastKnownFileType = sourcecode.c.h; path = Touch_MainVC.h; sourceTree = "<group>"; };
		624C4174218ADD1F0009A795 /* Touch_MainVC.m */ = {isa = PBXFileReference; lastKnownFileType = sourcecode.c.objc; path = Touch_MainVC.m; sourceTree = "<group>"; };
		625777EA219ED2D00086564A /* UIImage+ColorImage.h */ = {isa = PBXFileReference; lastKnownFileType = sourcecode.c.h; path = "UIImage+ColorImage.h"; sourceTree = "<group>"; };
		625777EB219ED2D00086564A /* UIImage+ColorImage.m */ = {isa = PBXFileReference; lastKnownFileType = sourcecode.c.objc; path = "UIImage+ColorImage.m"; sourceTree = "<group>"; };
		627D24AA2184087400D04160 /* HXCustomCameraViewController.m */ = {isa = PBXFileReference; fileEncoding = 4; lastKnownFileType = sourcecode.c.objc; path = HXCustomCameraViewController.m; sourceTree = "<group>"; };
		627D24AB2184087400D04160 /* UIViewController+HXExtension.m */ = {isa = PBXFileReference; fileEncoding = 4; lastKnownFileType = sourcecode.c.objc; path = "UIViewController+HXExtension.m"; sourceTree = "<group>"; };
		627D24AC2184087400D04160 /* HXPhotoConfiguration.m */ = {isa = PBXFileReference; fileEncoding = 4; lastKnownFileType = sourcecode.c.objc; path = HXPhotoConfiguration.m; sourceTree = "<group>"; };
		627D24AD2184087400D04160 /* HXDownloadProgressView.m */ = {isa = PBXFileReference; fileEncoding = 4; lastKnownFileType = sourcecode.c.objc; path = HXDownloadProgressView.m; sourceTree = "<group>"; };
		627D24AE2184087400D04160 /* HXCustomCameraController.h */ = {isa = PBXFileReference; fileEncoding = 4; lastKnownFileType = sourcecode.c.h; path = HXCustomCameraController.h; sourceTree = "<group>"; };
		627D24AF2184087400D04160 /* HXDatePhotoViewTransition.h */ = {isa = PBXFileReference; fileEncoding = 4; lastKnownFileType = sourcecode.c.h; path = HXDatePhotoViewTransition.h; sourceTree = "<group>"; };
		627D24B02184087400D04160 /* HXPhoto3DTouchViewController.m */ = {isa = PBXFileReference; fileEncoding = 4; lastKnownFileType = sourcecode.c.objc; path = HXPhoto3DTouchViewController.m; sourceTree = "<group>"; };
		627D24B12184087400D04160 /* HXDatePhotoPreviewBottomView.m */ = {isa = PBXFileReference; fileEncoding = 4; lastKnownFileType = sourcecode.c.objc; path = HXDatePhotoPreviewBottomView.m; sourceTree = "<group>"; };
		627D24B22184087400D04160 /* HXCustomNavigationController.h */ = {isa = PBXFileReference; fileEncoding = 4; lastKnownFileType = sourcecode.c.h; path = HXCustomNavigationController.h; sourceTree = "<group>"; };
		627D24B32184087400D04160 /* NSBundle+HXPhotoPicker.m */ = {isa = PBXFileReference; fileEncoding = 4; lastKnownFileType = sourcecode.c.objc; path = "NSBundle+HXPhotoPicker.m"; sourceTree = "<group>"; };
		627D24B42184087400D04160 /* NSDate+HXExtension.h */ = {isa = PBXFileReference; fileEncoding = 4; lastKnownFileType = sourcecode.c.h; path = "NSDate+HXExtension.h"; sourceTree = "<group>"; };
		627D24B52184087400D04160 /* HXPhotoView.h */ = {isa = PBXFileReference; fileEncoding = 4; lastKnownFileType = sourcecode.c.h; path = HXPhotoView.h; sourceTree = "<group>"; };
		627D24B62184087400D04160 /* HXFullScreenCameraPlayView.h */ = {isa = PBXFileReference; fileEncoding = 4; lastKnownFileType = sourcecode.c.h; path = HXFullScreenCameraPlayView.h; sourceTree = "<group>"; };
		627D24B72184087400D04160 /* HXCustomAssetModel.h */ = {isa = PBXFileReference; fileEncoding = 4; lastKnownFileType = sourcecode.c.h; path = HXCustomAssetModel.h; sourceTree = "<group>"; };
		627D24B82184087400D04160 /* HXCustomCollectionReusableView.h */ = {isa = PBXFileReference; fileEncoding = 4; lastKnownFileType = sourcecode.c.h; path = HXCustomCollectionReusableView.h; sourceTree = "<group>"; };
		627D24B92184087400D04160 /* HXCollectionView.m */ = {isa = PBXFileReference; fileEncoding = 4; lastKnownFileType = sourcecode.c.objc; path = HXCollectionView.m; sourceTree = "<group>"; };
		627D24BA2184087400D04160 /* UIImage+HXExtension.h */ = {isa = PBXFileReference; fileEncoding = 4; lastKnownFileType = sourcecode.c.h; path = "UIImage+HXExtension.h"; sourceTree = "<group>"; };
		627D24BB2184087400D04160 /* UIImageView+HXExtension.m */ = {isa = PBXFileReference; fileEncoding = 4; lastKnownFileType = sourcecode.c.objc; path = "UIImageView+HXExtension.m"; sourceTree = "<group>"; };
		627D24BC2184087400D04160 /* UIFont+HXExtension.m */ = {isa = PBXFileReference; fileEncoding = 4; lastKnownFileType = sourcecode.c.objc; path = "UIFont+HXExtension.m"; sourceTree = "<group>"; };
		627D24BD2184087400D04160 /* HXCircleProgressView.h */ = {isa = PBXFileReference; fileEncoding = 4; lastKnownFileType = sourcecode.c.h; path = HXCircleProgressView.h; sourceTree = "<group>"; };
		627D24BE2184087400D04160 /* HXDatePhotoInteractiveTransition.m */ = {isa = PBXFileReference; fileEncoding = 4; lastKnownFileType = sourcecode.c.objc; path = HXDatePhotoInteractiveTransition.m; sourceTree = "<group>"; };
		627D24BF2184087400D04160 /* HXPhotoModel.m */ = {isa = PBXFileReference; fileEncoding = 4; lastKnownFileType = sourcecode.c.objc; path = HXPhotoModel.m; sourceTree = "<group>"; };
		627D24C02184087400D04160 /* HXAlbumListViewController.m */ = {isa = PBXFileReference; fileEncoding = 4; lastKnownFileType = sourcecode.c.objc; path = HXAlbumListViewController.m; sourceTree = "<group>"; };
		627D24C12184087400D04160 /* UIButton+HXExtension.h */ = {isa = PBXFileReference; fileEncoding = 4; lastKnownFileType = sourcecode.c.h; path = "UIButton+HXExtension.h"; sourceTree = "<group>"; };
		627D24C22184087400D04160 /* HXAlbumlistView.h */ = {isa = PBXFileReference; fileEncoding = 4; lastKnownFileType = sourcecode.c.h; path = HXAlbumlistView.h; sourceTree = "<group>"; };
		627D24C32184087400D04160 /* HXCustomPreviewView.h */ = {isa = PBXFileReference; fileEncoding = 4; lastKnownFileType = sourcecode.c.h; path = HXCustomPreviewView.h; sourceTree = "<group>"; };
		627D24C42184087400D04160 /* HXDatePhotoPersentInteractiveTransition.h */ = {isa = PBXFileReference; fileEncoding = 4; lastKnownFileType = sourcecode.c.h; path = HXDatePhotoPersentInteractiveTransition.h; sourceTree = "<group>"; };
		627D24C52184087400D04160 /* UIView+HXExtension.m */ = {isa = PBXFileReference; fileEncoding = 4; lastKnownFileType = sourcecode.c.objc; path = "UIView+HXExtension.m"; sourceTree = "<group>"; };
		627D24C62184087400D04160 /* HXPhotoCustomNavigationBar.m */ = {isa = PBXFileReference; fileEncoding = 4; lastKnownFileType = sourcecode.c.objc; path = HXPhotoCustomNavigationBar.m; sourceTree = "<group>"; };
		627D24C72184087400D04160 /* HXAlbumModel.h */ = {isa = PBXFileReference; fileEncoding = 4; lastKnownFileType = sourcecode.c.h; path = HXAlbumModel.h; sourceTree = "<group>"; };
		627D24C82184087400D04160 /* HXPhotoTools.m */ = {isa = PBXFileReference; fileEncoding = 4; lastKnownFileType = sourcecode.c.objc; path = HXPhotoTools.m; sourceTree = "<group>"; };
		627D24C92184087400D04160 /* HXPhotoSubViewCell.h */ = {isa = PBXFileReference; fileEncoding = 4; lastKnownFileType = sourcecode.c.h; path = HXPhotoSubViewCell.h; sourceTree = "<group>"; };
		627D24CA2184087400D04160 /* HXDatePhotoPreviewViewController.m */ = {isa = PBXFileReference; fileEncoding = 4; lastKnownFileType = sourcecode.c.objc; path = HXDatePhotoPreviewViewController.m; sourceTree = "<group>"; };
		627D24CB2184087400D04160 /* HXDatePhotoViewFlowLayout.m */ = {isa = PBXFileReference; fileEncoding = 4; lastKnownFileType = sourcecode.c.objc; path = HXDatePhotoViewFlowLayout.m; sourceTree = "<group>"; };
		627D24CC2184087400D04160 /* HXDatePhotoViewController.m */ = {isa = PBXFileReference; fileEncoding = 4; lastKnownFileType = sourcecode.c.objc; path = HXDatePhotoViewController.m; sourceTree = "<group>"; };
		627D24CD2184087400D04160 /* HXDatePhotoEditViewController.h */ = {isa = PBXFileReference; fileEncoding = 4; lastKnownFileType = sourcecode.c.h; path = HXDatePhotoEditViewController.h; sourceTree = "<group>"; };
		627D24CE2184087400D04160 /* HXDatePhotoToolManager.h */ = {isa = PBXFileReference; fileEncoding = 4; lastKnownFileType = sourcecode.c.h; path = HXDatePhotoToolManager.h; sourceTree = "<group>"; };
		627D24CF2184087400D04160 /* HXPhotoManager.m */ = {isa = PBXFileReference; fileEncoding = 4; lastKnownFileType = sourcecode.c.objc; path = HXPhotoManager.m; sourceTree = "<group>"; };
		627D24D02184087400D04160 /* HXDatePhotoViewPresentTransition.m */ = {isa = PBXFileReference; fileEncoding = 4; lastKnownFileType = sourcecode.c.objc; path = HXDatePhotoViewPresentTransition.m; sourceTree = "<group>"; };
		627D24D12184087400D04160 /* HXDateVideoEditViewController.h */ = {isa = PBXFileReference; fileEncoding = 4; lastKnownFileType = sourcecode.c.h; path = HXDateVideoEditViewController.h; sourceTree = "<group>"; };
		627D24D22184087400D04160 /* HXPhotoDefine.h */ = {isa = PBXFileReference; fileEncoding = 4; lastKnownFileType = sourcecode.c.h; path = HXPhotoDefine.h; sourceTree = "<group>"; };
		627D24D32184087400D04160 /* HXCustomCameraController.m */ = {isa = PBXFileReference; fileEncoding = 4; lastKnownFileType = sourcecode.c.objc; path = HXCustomCameraController.m; sourceTree = "<group>"; };
		627D24D42184087400D04160 /* HXDownloadProgressView.h */ = {isa = PBXFileReference; fileEncoding = 4; lastKnownFileType = sourcecode.c.h; path = HXDownloadProgressView.h; sourceTree = "<group>"; };
		627D24D52184087400D04160 /* HXPhotoConfiguration.h */ = {isa = PBXFileReference; fileEncoding = 4; lastKnownFileType = sourcecode.c.h; path = HXPhotoConfiguration.h; sourceTree = "<group>"; };
		627D24D62184087400D04160 /* UIViewController+HXExtension.h */ = {isa = PBXFileReference; fileEncoding = 4; lastKnownFileType = sourcecode.c.h; path = "UIViewController+HXExtension.h"; sourceTree = "<group>"; };
		627D24D72184087400D04160 /* HXCustomCameraViewController.h */ = {isa = PBXFileReference; fileEncoding = 4; lastKnownFileType = sourcecode.c.h; path = HXCustomCameraViewController.h; sourceTree = "<group>"; };
		627D24D82184087400D04160 /* HXCollectionView.h */ = {isa = PBXFileReference; fileEncoding = 4; lastKnownFileType = sourcecode.c.h; path = HXCollectionView.h; sourceTree = "<group>"; };
		627D24D92184087400D04160 /* UIImage+HXExtension.m */ = {isa = PBXFileReference; fileEncoding = 4; lastKnownFileType = sourcecode.c.objc; path = "UIImage+HXExtension.m"; sourceTree = "<group>"; };
		627D24DA2184087400D04160 /* HXCustomCollectionReusableView.m */ = {isa = PBXFileReference; fileEncoding = 4; lastKnownFileType = sourcecode.c.objc; path = HXCustomCollectionReusableView.m; sourceTree = "<group>"; };
		627D24DB2184087400D04160 /* HXCustomAssetModel.m */ = {isa = PBXFileReference; fileEncoding = 4; lastKnownFileType = sourcecode.c.objc; path = HXCustomAssetModel.m; sourceTree = "<group>"; };
		627D24DC2184087400D04160 /* HXPhotoPicker.h */ = {isa = PBXFileReference; fileEncoding = 4; lastKnownFileType = sourcecode.c.h; path = HXPhotoPicker.h; sourceTree = "<group>"; };
		627D24DD2184087400D04160 /* HXPhotoView.m */ = {isa = PBXFileReference; fileEncoding = 4; lastKnownFileType = sourcecode.c.objc; path = HXPhotoView.m; sourceTree = "<group>"; };
		627D24DE2184087400D04160 /* HXFullScreenCameraPlayView.m */ = {isa = PBXFileReference; fileEncoding = 4; lastKnownFileType = sourcecode.c.objc; path = HXFullScreenCameraPlayView.m; sourceTree = "<group>"; };
		627D24DF2184087400D04160 /* NSDate+HXExtension.m */ = {isa = PBXFileReference; fileEncoding = 4; lastKnownFileType = sourcecode.c.objc; path = "NSDate+HXExtension.m"; sourceTree = "<group>"; };
		627D24E02184087400D04160 /* NSBundle+HXPhotoPicker.h */ = {isa = PBXFileReference; fileEncoding = 4; lastKnownFileType = sourcecode.c.h; path = "NSBundle+HXPhotoPicker.h"; sourceTree = "<group>"; };
		627D24E12184087400D04160 /* HXCustomNavigationController.m */ = {isa = PBXFileReference; fileEncoding = 4; lastKnownFileType = sourcecode.c.objc; path = HXCustomNavigationController.m; sourceTree = "<group>"; };
		627D24E22184087400D04160 /* HXDatePhotoViewTransition.m */ = {isa = PBXFileReference; fileEncoding = 4; lastKnownFileType = sourcecode.c.objc; path = HXDatePhotoViewTransition.m; sourceTree = "<group>"; };
		627D24E32184087400D04160 /* HXDatePhotoPreviewBottomView.h */ = {isa = PBXFileReference; fileEncoding = 4; lastKnownFileType = sourcecode.c.h; path = HXDatePhotoPreviewBottomView.h; sourceTree = "<group>"; };
		627D24E42184087400D04160 /* HXPhoto3DTouchViewController.h */ = {isa = PBXFileReference; fileEncoding = 4; lastKnownFileType = sourcecode.c.h; path = HXPhoto3DTouchViewController.h; sourceTree = "<group>"; };
		627D24E52184087400D04160 /* HXDatePhotoPreviewViewController.h */ = {isa = PBXFileReference; fileEncoding = 4; lastKnownFileType = sourcecode.c.h; path = HXDatePhotoPreviewViewController.h; sourceTree = "<group>"; };
		627D24E62184087400D04160 /* HXPhotoSubViewCell.m */ = {isa = PBXFileReference; fileEncoding = 4; lastKnownFileType = sourcecode.c.objc; path = HXPhotoSubViewCell.m; sourceTree = "<group>"; };
		627D24E72184087400D04160 /* HXPhotoTools.h */ = {isa = PBXFileReference; fileEncoding = 4; lastKnownFileType = sourcecode.c.h; path = HXPhotoTools.h; sourceTree = "<group>"; };
		627D24E82184087400D04160 /* HXAlbumModel.m */ = {isa = PBXFileReference; fileEncoding = 4; lastKnownFileType = sourcecode.c.objc; path = HXAlbumModel.m; sourceTree = "<group>"; };
		627D24E92184087400D04160 /* UIView+HXExtension.h */ = {isa = PBXFileReference; fileEncoding = 4; lastKnownFileType = sourcecode.c.h; path = "UIView+HXExtension.h"; sourceTree = "<group>"; };
		627D24EA2184087400D04160 /* HXPhotoCustomNavigationBar.h */ = {isa = PBXFileReference; fileEncoding = 4; lastKnownFileType = sourcecode.c.h; path = HXPhotoCustomNavigationBar.h; sourceTree = "<group>"; };
		627D24EB2184087400D04160 /* HXAlbumlistView.m */ = {isa = PBXFileReference; fileEncoding = 4; lastKnownFileType = sourcecode.c.objc; path = HXAlbumlistView.m; sourceTree = "<group>"; };
		627D24EC2184087400D04160 /* UIButton+HXExtension.m */ = {isa = PBXFileReference; fileEncoding = 4; lastKnownFileType = sourcecode.c.objc; path = "UIButton+HXExtension.m"; sourceTree = "<group>"; };
		627D24ED2184087400D04160 /* HXCustomPreviewView.m */ = {isa = PBXFileReference; fileEncoding = 4; lastKnownFileType = sourcecode.c.objc; path = HXCustomPreviewView.m; sourceTree = "<group>"; };
		627D24EE2184087400D04160 /* HXDatePhotoPersentInteractiveTransition.m */ = {isa = PBXFileReference; fileEncoding = 4; lastKnownFileType = sourcecode.c.objc; path = HXDatePhotoPersentInteractiveTransition.m; sourceTree = "<group>"; };
		627D24EF2184087400D04160 /* HXAlbumListViewController.h */ = {isa = PBXFileReference; fileEncoding = 4; lastKnownFileType = sourcecode.c.h; path = HXAlbumListViewController.h; sourceTree = "<group>"; };
		627D24F02184087400D04160 /* HXCircleProgressView.m */ = {isa = PBXFileReference; fileEncoding = 4; lastKnownFileType = sourcecode.c.objc; path = HXCircleProgressView.m; sourceTree = "<group>"; };
		627D24F12184087400D04160 /* UIFont+HXExtension.h */ = {isa = PBXFileReference; fileEncoding = 4; lastKnownFileType = sourcecode.c.h; path = "UIFont+HXExtension.h"; sourceTree = "<group>"; };
		627D24F22184087400D04160 /* HXPhotoModel.h */ = {isa = PBXFileReference; fileEncoding = 4; lastKnownFileType = sourcecode.c.h; path = HXPhotoModel.h; sourceTree = "<group>"; };
		627D24F32184087400D04160 /* HXDatePhotoInteractiveTransition.h */ = {isa = PBXFileReference; fileEncoding = 4; lastKnownFileType = sourcecode.c.h; path = HXDatePhotoInteractiveTransition.h; sourceTree = "<group>"; };
		627D24F42184087400D04160 /* UIImageView+HXExtension.h */ = {isa = PBXFileReference; fileEncoding = 4; lastKnownFileType = sourcecode.c.h; path = "UIImageView+HXExtension.h"; sourceTree = "<group>"; };
		627D24F52184087400D04160 /* HXDateVideoEditViewController.m */ = {isa = PBXFileReference; fileEncoding = 4; lastKnownFileType = sourcecode.c.objc; path = HXDateVideoEditViewController.m; sourceTree = "<group>"; };
		627D24F62184087400D04160 /* HXPhotoPicker.bundle */ = {isa = PBXFileReference; lastKnownFileType = "wrapper.plug-in"; path = HXPhotoPicker.bundle; sourceTree = "<group>"; };
		627D24F72184087400D04160 /* HXPhotoManager.h */ = {isa = PBXFileReference; fileEncoding = 4; lastKnownFileType = sourcecode.c.h; path = HXPhotoManager.h; sourceTree = "<group>"; };
		627D24F82184087400D04160 /* HXDatePhotoViewPresentTransition.h */ = {isa = PBXFileReference; fileEncoding = 4; lastKnownFileType = sourcecode.c.h; path = HXDatePhotoViewPresentTransition.h; sourceTree = "<group>"; };
		627D24F92184087400D04160 /* HXDatePhotoToolManager.m */ = {isa = PBXFileReference; fileEncoding = 4; lastKnownFileType = sourcecode.c.objc; path = HXDatePhotoToolManager.m; sourceTree = "<group>"; };
		627D24FA2184087400D04160 /* HXDatePhotoEditViewController.m */ = {isa = PBXFileReference; fileEncoding = 4; lastKnownFileType = sourcecode.c.objc; path = HXDatePhotoEditViewController.m; sourceTree = "<group>"; };
		627D24FB2184087400D04160 /* HXDatePhotoViewController.h */ = {isa = PBXFileReference; fileEncoding = 4; lastKnownFileType = sourcecode.c.h; path = HXDatePhotoViewController.h; sourceTree = "<group>"; };
		627D24FC2184087400D04160 /* HXDatePhotoViewFlowLayout.h */ = {isa = PBXFileReference; fileEncoding = 4; lastKnownFileType = sourcecode.c.h; path = HXDatePhotoViewFlowLayout.h; sourceTree = "<group>"; };
		62CFE90621FC572F0094BC01 /* WKSwizzle.m */ = {isa = PBXFileReference; fileEncoding = 4; lastKnownFileType = sourcecode.c.objc; path = WKSwizzle.m; sourceTree = "<group>"; };
		62CFE90721FC572F0094BC01 /* UINavigationController+WK_NavigationBarTransition.h */ = {isa = PBXFileReference; fileEncoding = 4; lastKnownFileType = sourcecode.c.h; path = "UINavigationController+WK_NavigationBarTransition.h"; sourceTree = "<group>"; };
		62CFE90821FC572F0094BC01 /* UIImage+WK_NavigationBarTransition.m */ = {isa = PBXFileReference; fileEncoding = 4; lastKnownFileType = sourcecode.c.objc; path = "UIImage+WK_NavigationBarTransition.m"; sourceTree = "<group>"; };
		62CFE90921FC572F0094BC01 /* UIViewController+WK_NavigationBarTransiton_Public.h */ = {isa = PBXFileReference; fileEncoding = 4; lastKnownFileType = sourcecode.c.h; path = "UIViewController+WK_NavigationBarTransiton_Public.h"; sourceTree = "<group>"; };
		62CFE90A21FC572F0094BC01 /* WK_NavigationBar.m */ = {isa = PBXFileReference; fileEncoding = 4; lastKnownFileType = sourcecode.c.objc; path = WK_NavigationBar.m; sourceTree = "<group>"; };
		62CFE90B21FC572F0094BC01 /* UIViewController+WK_NavigationBarTranstion.h */ = {isa = PBXFileReference; fileEncoding = 4; lastKnownFileType = sourcecode.c.h; path = "UIViewController+WK_NavigationBarTranstion.h"; sourceTree = "<group>"; };
		62CFE90C21FC572F0094BC01 /* WKSwizzle.h */ = {isa = PBXFileReference; fileEncoding = 4; lastKnownFileType = sourcecode.c.h; path = WKSwizzle.h; sourceTree = "<group>"; };
		62CFE90D21FC572F0094BC01 /* WK_NavigationBar.h */ = {isa = PBXFileReference; fileEncoding = 4; lastKnownFileType = sourcecode.c.h; path = WK_NavigationBar.h; sourceTree = "<group>"; };
		62CFE90E21FC572F0094BC01 /* UIImage+WK_NavigationBarTransition.h */ = {isa = PBXFileReference; fileEncoding = 4; lastKnownFileType = sourcecode.c.h; path = "UIImage+WK_NavigationBarTransition.h"; sourceTree = "<group>"; };
		62CFE90F21FC572F0094BC01 /* UINavigationController+WK_NavigationBarTransition.m */ = {isa = PBXFileReference; fileEncoding = 4; lastKnownFileType = sourcecode.c.objc; path = "UINavigationController+WK_NavigationBarTransition.m"; sourceTree = "<group>"; };
		62CFE91021FC572F0094BC01 /* UIViewController+WK_NavigationBarTranstion.m */ = {isa = PBXFileReference; fileEncoding = 4; lastKnownFileType = sourcecode.c.objc; path = "UIViewController+WK_NavigationBarTranstion.m"; sourceTree = "<group>"; };
		62CFE91621FC57460094BC01 /* ColorPickerView.m */ = {isa = PBXFileReference; fileEncoding = 4; lastKnownFileType = sourcecode.c.objc; path = ColorPickerView.m; sourceTree = "<group>"; };
		62CFE91721FC57460094BC01 /* ColorPickerView.h */ = {isa = PBXFileReference; fileEncoding = 4; lastKnownFileType = sourcecode.c.h; path = ColorPickerView.h; sourceTree = "<group>"; };
		62CFE91921FC57590094BC01 /* shadowImage.png */ = {isa = PBXFileReference; lastKnownFileType = image.png; path = shadowImage.png; sourceTree = "<group>"; };
		62CFE91A21FC57590094BC01 /* bgicon.png */ = {isa = PBXFileReference; lastKnownFileType = image.png; path = bgicon.png; sourceTree = "<group>"; };
		62CFE91E21FC58270094BC01 /* NaviDemo.h */ = {isa = PBXFileReference; lastKnownFileType = sourcecode.c.h; path = NaviDemo.h; sourceTree = "<group>"; };
		62CFE91F21FC58270094BC01 /* NaviDemo.m */ = {isa = PBXFileReference; lastKnownFileType = sourcecode.c.objc; path = NaviDemo.m; sourceTree = "<group>"; };
		62CFE92121FC58710094BC01 /* BigTitleVC.m */ = {isa = PBXFileReference; fileEncoding = 4; lastKnownFileType = sourcecode.c.objc; path = BigTitleVC.m; sourceTree = "<group>"; };
		62CFE92221FC58710094BC01 /* BigTitleVC.h */ = {isa = PBXFileReference; fileEncoding = 4; lastKnownFileType = sourcecode.c.h; path = BigTitleVC.h; sourceTree = "<group>"; };
		62D232962180951400332801 /* study_iOS.app */ = {isa = PBXFileReference; explicitFileType = wrapper.application; includeInIndex = 0; path = study_iOS.app; sourceTree = BUILT_PRODUCTS_DIR; };
		62D232992180951400332801 /* AppDelegate.h */ = {isa = PBXFileReference; lastKnownFileType = sourcecode.c.h; path = AppDelegate.h; sourceTree = "<group>"; };
		62D2329A2180951400332801 /* AppDelegate.m */ = {isa = PBXFileReference; lastKnownFileType = sourcecode.c.objc; path = AppDelegate.m; sourceTree = "<group>"; };
		62D232A32180951400332801 /* study_iOS.xcdatamodel */ = {isa = PBXFileReference; lastKnownFileType = wrapper.xcdatamodel; path = study_iOS.xcdatamodel; sourceTree = "<group>"; };
		62D232A52180951500332801 /* Assets.xcassets */ = {isa = PBXFileReference; lastKnownFileType = folder.assetcatalog; path = Assets.xcassets; sourceTree = "<group>"; };
		62D232AA2180951600332801 /* Info.plist */ = {isa = PBXFileReference; lastKnownFileType = text.plist.xml; path = Info.plist; sourceTree = "<group>"; };
		62D232AB2180951600332801 /* main.m */ = {isa = PBXFileReference; lastKnownFileType = sourcecode.c.objc; path = main.m; sourceTree = "<group>"; };
		62D232B12180951600332801 /* study_iOSTests.xctest */ = {isa = PBXFileReference; explicitFileType = wrapper.cfbundle; includeInIndex = 0; path = study_iOSTests.xctest; sourceTree = BUILT_PRODUCTS_DIR; };
		62D232B52180951600332801 /* study_iOSTests.m */ = {isa = PBXFileReference; lastKnownFileType = sourcecode.c.objc; path = study_iOSTests.m; sourceTree = "<group>"; };
		62D232B72180951600332801 /* Info.plist */ = {isa = PBXFileReference; lastKnownFileType = text.plist.xml; path = Info.plist; sourceTree = "<group>"; };
		62D232BC2180951600332801 /* study_iOSUITests.xctest */ = {isa = PBXFileReference; explicitFileType = wrapper.cfbundle; includeInIndex = 0; path = study_iOSUITests.xctest; sourceTree = BUILT_PRODUCTS_DIR; };
		62D232C02180951600332801 /* study_iOSUITests.m */ = {isa = PBXFileReference; lastKnownFileType = sourcecode.c.objc; path = study_iOSUITests.m; sourceTree = "<group>"; };
		62D232C22180951600332801 /* Info.plist */ = {isa = PBXFileReference; lastKnownFileType = text.plist.xml; path = Info.plist; sourceTree = "<group>"; };
		62D232DA2180CAD400332801 /* FMDBVC.h */ = {isa = PBXFileReference; lastKnownFileType = sourcecode.c.h; path = FMDBVC.h; sourceTree = "<group>"; };
		62D232DB2180CAD400332801 /* FMDBVC.m */ = {isa = PBXFileReference; lastKnownFileType = sourcecode.c.objc; path = FMDBVC.m; sourceTree = "<group>"; };
		80A9AF6431E631F330F7EB2A /* libPods-study_iOSTests.a */ = {isa = PBXFileReference; explicitFileType = archive.ar; includeInIndex = 0; path = "libPods-study_iOSTests.a"; sourceTree = BUILT_PRODUCTS_DIR; };
		BC83DE1E6639BEF1E29D6F11 /* libPods-study_iOSUITests.a */ = {isa = PBXFileReference; explicitFileType = archive.ar; includeInIndex = 0; path = "libPods-study_iOSUITests.a"; sourceTree = BUILT_PRODUCTS_DIR; };
		DE06ACDAD06A1C0F580C8AB0 /* Pods-study_iOSUITests.release.xcconfig */ = {isa = PBXFileReference; includeInIndex = 1; lastKnownFileType = text.xcconfig; name = "Pods-study_iOSUITests.release.xcconfig"; path = "Pods/Target Support Files/Pods-study_iOSUITests/Pods-study_iOSUITests.release.xcconfig"; sourceTree = "<group>"; };
		FC78B8EB5088BFA67526296D /* Pods-study_iOSTests.release.xcconfig */ = {isa = PBXFileReference; includeInIndex = 1; lastKnownFileType = text.xcconfig; name = "Pods-study_iOSTests.release.xcconfig"; path = "Pods/Target Support Files/Pods-study_iOSTests/Pods-study_iOSTests.release.xcconfig"; sourceTree = "<group>"; };
/* End PBXFileReference section */

/* Begin PBXFrameworksBuildPhase section */
		62D232932180951400332801 /* Frameworks */ = {
			isa = PBXFrameworksBuildPhase;
			buildActionMask = 2147483647;
			files = (
				D1221F6A22D2FC9FB5113F75 /* libPods-study_iOS.a in Frameworks */,
			);
			runOnlyForDeploymentPostprocessing = 0;
		};
		62D232AE2180951600332801 /* Frameworks */ = {
			isa = PBXFrameworksBuildPhase;
			buildActionMask = 2147483647;
			files = (
				C2D3355DF0FB07D0026BA48B /* libPods-study_iOSTests.a in Frameworks */,
			);
			runOnlyForDeploymentPostprocessing = 0;
		};
		62D232B92180951600332801 /* Frameworks */ = {
			isa = PBXFrameworksBuildPhase;
			buildActionMask = 2147483647;
			files = (
				21D767D04AFA8F634972649C /* libPods-study_iOSUITests.a in Frameworks */,
			);
			runOnlyForDeploymentPostprocessing = 0;
		};
/* End PBXFrameworksBuildPhase section */

/* Begin PBXGroup section */
		48E3F52BB6BA282179007B91 /* Pods */ = {
			isa = PBXGroup;
			children = (
				2F272173DF612BE8AECFBE6B /* Pods-study_iOS.debug.xcconfig */,
				2655DBA3FE2066C63EAB9F29 /* Pods-study_iOS.release.xcconfig */,
				1D269D7B9323CEBCC00104BE /* Pods-study_iOSTests.debug.xcconfig */,
				FC78B8EB5088BFA67526296D /* Pods-study_iOSTests.release.xcconfig */,
				3DCA76B6161445A5356F2815 /* Pods-study_iOSUITests.debug.xcconfig */,
				DE06ACDAD06A1C0F580C8AB0 /* Pods-study_iOSUITests.release.xcconfig */,
			);
			name = Pods;
			sourceTree = "<group>";
		};
		624842D52181735C00CF500D /* libs */ = {
			isa = PBXGroup;
			children = (
			);
			path = libs;
			sourceTree = "<group>";
		};
		624842D72181740400CF500D /* 首页 */ = {
			isa = PBXGroup;
			children = (
				624842DC2181740400CF500D /* ViewController.h */,
				624842D92181740400CF500D /* ViewController.m */,
				624842DA2181740400CF500D /* mainTableView_Cell.h */,
				624842D82181740400CF500D /* mainTableView_Cell.m */,
				624842DB2181740400CF500D /* mainTableView_Cell.xib */,
			);
			path = "首页";
			sourceTree = "<group>";
		};
		624842ED21817E2200CF500D /* Tools */ = {
			isa = PBXGroup;
			children = (
				62CFE90521FC572F0094BC01 /* WK_NavigationBarTransition */,
				625777E9219ED1ED0086564A /* 分类 */,
				624842EE21817E9300CF500D /* WK_Study_iOS.pch */,
				62CFE91721FC57460094BC01 /* ColorPickerView.h */,
				62CFE91621FC57460094BC01 /* ColorPickerView.m */,
				624842F12181804700CF500D /* WK_Tools.h */,
				624842F22181804700CF500D /* WK_Tools.m */,
			);
			path = Tools;
			sourceTree = "<group>";
		};
		624C4172218ADC380009A795 /* 触摸事件 */ = {
			isa = PBXGroup;
			children = (
				624C4173218ADD1F0009A795 /* Touch_MainVC.h */,
				624C4174218ADD1F0009A795 /* Touch_MainVC.m */,
			);
			path = "触摸事件";
			sourceTree = "<group>";
		};
		625777E9219ED1ED0086564A /* 分类 */ = {
			isa = PBXGroup;
			children = (
				625777EA219ED2D00086564A /* UIImage+ColorImage.h */,
				625777EB219ED2D00086564A /* UIImage+ColorImage.m */,
				62057B8221AA3A6E009EF5FA /* UIColor+WK_Custom.h */,
				62057B8321AA3A6E009EF5FA /* UIColor+WK_Custom.m */,
			);
			path = "分类";
			sourceTree = "<group>";
		};
		627D24A82184083200D04160 /* 图片选择器及相机 */ = {
			isa = PBXGroup;
			children = (
				627D24A92184087400D04160 /* HXPhotoPicker */,
			);
			path = "图片选择器及相机";
			sourceTree = "<group>";
		};
		627D24A92184087400D04160 /* HXPhotoPicker */ = {
			isa = PBXGroup;
			children = (
				627D24AA2184087400D04160 /* HXCustomCameraViewController.m */,
				627D24AB2184087400D04160 /* UIViewController+HXExtension.m */,
				627D24AC2184087400D04160 /* HXPhotoConfiguration.m */,
				627D24AD2184087400D04160 /* HXDownloadProgressView.m */,
				627D24AE2184087400D04160 /* HXCustomCameraController.h */,
				627D24AF2184087400D04160 /* HXDatePhotoViewTransition.h */,
				627D24B02184087400D04160 /* HXPhoto3DTouchViewController.m */,
				627D24B12184087400D04160 /* HXDatePhotoPreviewBottomView.m */,
				627D24B22184087400D04160 /* HXCustomNavigationController.h */,
				627D24B32184087400D04160 /* NSBundle+HXPhotoPicker.m */,
				627D24B42184087400D04160 /* NSDate+HXExtension.h */,
				627D24B52184087400D04160 /* HXPhotoView.h */,
				627D24B62184087400D04160 /* HXFullScreenCameraPlayView.h */,
				627D24B72184087400D04160 /* HXCustomAssetModel.h */,
				627D24B82184087400D04160 /* HXCustomCollectionReusableView.h */,
				627D24B92184087400D04160 /* HXCollectionView.m */,
				627D24BA2184087400D04160 /* UIImage+HXExtension.h */,
				627D24BB2184087400D04160 /* UIImageView+HXExtension.m */,
				627D24BC2184087400D04160 /* UIFont+HXExtension.m */,
				627D24BD2184087400D04160 /* HXCircleProgressView.h */,
				627D24BE2184087400D04160 /* HXDatePhotoInteractiveTransition.m */,
				627D24BF2184087400D04160 /* HXPhotoModel.m */,
				627D24C02184087400D04160 /* HXAlbumListViewController.m */,
				627D24C12184087400D04160 /* UIButton+HXExtension.h */,
				627D24C22184087400D04160 /* HXAlbumlistView.h */,
				627D24C32184087400D04160 /* HXCustomPreviewView.h */,
				627D24C42184087400D04160 /* HXDatePhotoPersentInteractiveTransition.h */,
				627D24C52184087400D04160 /* UIView+HXExtension.m */,
				627D24C62184087400D04160 /* HXPhotoCustomNavigationBar.m */,
				627D24C72184087400D04160 /* HXAlbumModel.h */,
				627D24C82184087400D04160 /* HXPhotoTools.m */,
				627D24C92184087400D04160 /* HXPhotoSubViewCell.h */,
				627D24CA2184087400D04160 /* HXDatePhotoPreviewViewController.m */,
				627D24CB2184087400D04160 /* HXDatePhotoViewFlowLayout.m */,
				627D24CC2184087400D04160 /* HXDatePhotoViewController.m */,
				627D24CD2184087400D04160 /* HXDatePhotoEditViewController.h */,
				627D24CE2184087400D04160 /* HXDatePhotoToolManager.h */,
				627D24CF2184087400D04160 /* HXPhotoManager.m */,
				627D24D02184087400D04160 /* HXDatePhotoViewPresentTransition.m */,
				627D24D12184087400D04160 /* HXDateVideoEditViewController.h */,
				627D24D22184087400D04160 /* HXPhotoDefine.h */,
				627D24D32184087400D04160 /* HXCustomCameraController.m */,
				627D24D42184087400D04160 /* HXDownloadProgressView.h */,
				627D24D52184087400D04160 /* HXPhotoConfiguration.h */,
				627D24D62184087400D04160 /* UIViewController+HXExtension.h */,
				627D24D72184087400D04160 /* HXCustomCameraViewController.h */,
				627D24D82184087400D04160 /* HXCollectionView.h */,
				627D24D92184087400D04160 /* UIImage+HXExtension.m */,
				627D24DA2184087400D04160 /* HXCustomCollectionReusableView.m */,
				627D24DB2184087400D04160 /* HXCustomAssetModel.m */,
				627D24DC2184087400D04160 /* HXPhotoPicker.h */,
				627D24DD2184087400D04160 /* HXPhotoView.m */,
				627D24DE2184087400D04160 /* HXFullScreenCameraPlayView.m */,
				627D24DF2184087400D04160 /* NSDate+HXExtension.m */,
				627D24E02184087400D04160 /* NSBundle+HXPhotoPicker.h */,
				627D24E12184087400D04160 /* HXCustomNavigationController.m */,
				627D24E22184087400D04160 /* HXDatePhotoViewTransition.m */,
				627D24E32184087400D04160 /* HXDatePhotoPreviewBottomView.h */,
				627D24E42184087400D04160 /* HXPhoto3DTouchViewController.h */,
				627D24E52184087400D04160 /* HXDatePhotoPreviewViewController.h */,
				627D24E62184087400D04160 /* HXPhotoSubViewCell.m */,
				627D24E72184087400D04160 /* HXPhotoTools.h */,
				627D24E82184087400D04160 /* HXAlbumModel.m */,
				627D24E92184087400D04160 /* UIView+HXExtension.h */,
				627D24EA2184087400D04160 /* HXPhotoCustomNavigationBar.h */,
				627D24EB2184087400D04160 /* HXAlbumlistView.m */,
				627D24EC2184087400D04160 /* UIButton+HXExtension.m */,
				627D24ED2184087400D04160 /* HXCustomPreviewView.m */,
				627D24EE2184087400D04160 /* HXDatePhotoPersentInteractiveTransition.m */,
				627D24EF2184087400D04160 /* HXAlbumListViewController.h */,
				627D24F02184087400D04160 /* HXCircleProgressView.m */,
				627D24F12184087400D04160 /* UIFont+HXExtension.h */,
				627D24F22184087400D04160 /* HXPhotoModel.h */,
				627D24F32184087400D04160 /* HXDatePhotoInteractiveTransition.h */,
				627D24F42184087400D04160 /* UIImageView+HXExtension.h */,
				627D24F52184087400D04160 /* HXDateVideoEditViewController.m */,
				627D24F62184087400D04160 /* HXPhotoPicker.bundle */,
				627D24F72184087400D04160 /* HXPhotoManager.h */,
				627D24F82184087400D04160 /* HXDatePhotoViewPresentTransition.h */,
				627D24F92184087400D04160 /* HXDatePhotoToolManager.m */,
				627D24FA2184087400D04160 /* HXDatePhotoEditViewController.m */,
				627D24FB2184087400D04160 /* HXDatePhotoViewController.h */,
				627D24FC2184087400D04160 /* HXDatePhotoViewFlowLayout.h */,
			);
			path = HXPhotoPicker;
			sourceTree = "<group>";
		};
		62CFE90521FC572F0094BC01 /* WK_NavigationBarTransition */ = {
			isa = PBXGroup;
			children = (
				62CFE91A21FC57590094BC01 /* bgicon.png */,
				62CFE91921FC57590094BC01 /* shadowImage.png */,
				62CFE90C21FC572F0094BC01 /* WKSwizzle.h */,
				62CFE90621FC572F0094BC01 /* WKSwizzle.m */,
				62CFE90E21FC572F0094BC01 /* UIImage+WK_NavigationBarTransition.h */,
				62CFE90821FC572F0094BC01 /* UIImage+WK_NavigationBarTransition.m */,
				62CFE90D21FC572F0094BC01 /* WK_NavigationBar.h */,
				62CFE90A21FC572F0094BC01 /* WK_NavigationBar.m */,
				62CFE90721FC572F0094BC01 /* UINavigationController+WK_NavigationBarTransition.h */,
				62CFE90F21FC572F0094BC01 /* UINavigationController+WK_NavigationBarTransition.m */,
				62CFE90921FC572F0094BC01 /* UIViewController+WK_NavigationBarTransiton_Public.h */,
				62CFE90B21FC572F0094BC01 /* UIViewController+WK_NavigationBarTranstion.h */,
				62CFE91021FC572F0094BC01 /* UIViewController+WK_NavigationBarTranstion.m */,
			);
			path = WK_NavigationBarTransition;
			sourceTree = "<group>";
		};
		62CFE91D21FC580C0094BC01 /* Navi */ = {
			isa = PBXGroup;
			children = (
				62CFE91E21FC58270094BC01 /* NaviDemo.h */,
				62CFE91F21FC58270094BC01 /* NaviDemo.m */,
				62CFE92221FC58710094BC01 /* BigTitleVC.h */,
				62CFE92121FC58710094BC01 /* BigTitleVC.m */,
			);
			path = Navi;
			sourceTree = "<group>";
		};
		62D2328D2180951400332801 = {
			isa = PBXGroup;
			children = (
				62D232982180951400332801 /* study_iOS */,
				62D232B42180951600332801 /* study_iOSTests */,
				62D232BF2180951600332801 /* study_iOSUITests */,
				62D232972180951400332801 /* Products */,
				48E3F52BB6BA282179007B91 /* Pods */,
				80BFB10F8B77C68C28E485F1 /* Frameworks */,
			);
			sourceTree = "<group>";
		};
		62D232972180951400332801 /* Products */ = {
			isa = PBXGroup;
			children = (
				62D232962180951400332801 /* study_iOS.app */,
				62D232B12180951600332801 /* study_iOSTests.xctest */,
				62D232BC2180951600332801 /* study_iOSUITests.xctest */,
			);
			name = Products;
			sourceTree = "<group>";
		};
		62D232982180951400332801 /* study_iOS */ = {
			isa = PBXGroup;
			children = (
				62D232992180951400332801 /* AppDelegate.h */,
				62D2329A2180951400332801 /* AppDelegate.m */,
				624842ED21817E2200CF500D /* Tools */,
				624842D72181740400CF500D /* 首页 */,
				62CFE91D21FC580C0094BC01 /* Navi */,
				627D24A82184083200D04160 /* 图片选择器及相机 */,
				624C4172218ADC380009A795 /* 触摸事件 */,
				62D232D42180B34700332801 /* FMDB */,
				62D232A52180951500332801 /* Assets.xcassets */,
				62D232AA2180951600332801 /* Info.plist */,
				62D232AB2180951600332801 /* main.m */,
				624842EF21817F8600CF500D /* LaunchScreen.storyboard */,
				624842D52181735C00CF500D /* libs */,
				62D232A22180951400332801 /* study_iOS.xcdatamodeld */,
			);
			path = study_iOS;
			sourceTree = "<group>";
		};
		62D232B42180951600332801 /* study_iOSTests */ = {
			isa = PBXGroup;
			children = (
				62D232B52180951600332801 /* study_iOSTests.m */,
				62D232B72180951600332801 /* Info.plist */,
			);
			path = study_iOSTests;
			sourceTree = "<group>";
		};
		62D232BF2180951600332801 /* study_iOSUITests */ = {
			isa = PBXGroup;
			children = (
				62D232C02180951600332801 /* study_iOSUITests.m */,
				62D232C22180951600332801 /* Info.plist */,
			);
			path = study_iOSUITests;
			sourceTree = "<group>";
		};
		62D232D42180B34700332801 /* FMDB */ = {
			isa = PBXGroup;
			children = (
				62D232DD2180CAFC00332801 /* FMDB单例 */,
				62D232DA2180CAD400332801 /* FMDBVC.h */,
				62D232DB2180CAD400332801 /* FMDBVC.m */,
			);
			path = FMDB;
			sourceTree = "<group>";
		};
		62D232DD2180CAFC00332801 /* FMDB单例 */ = {
			isa = PBXGroup;
			children = (
			);
			path = "FMDB单例";
			sourceTree = "<group>";
		};
		80BFB10F8B77C68C28E485F1 /* Frameworks */ = {
			isa = PBXGroup;
			children = (
				21FEF73C422B39A7C2C2C6D3 /* libPods-study_iOS.a */,
				80A9AF6431E631F330F7EB2A /* libPods-study_iOSTests.a */,
				BC83DE1E6639BEF1E29D6F11 /* libPods-study_iOSUITests.a */,
			);
			name = Frameworks;
			sourceTree = "<group>";
		};
/* End PBXGroup section */

/* Begin PBXNativeTarget section */
		62D232952180951400332801 /* study_iOS */ = {
			isa = PBXNativeTarget;
			buildConfigurationList = 62D232C52180951600332801 /* Build configuration list for PBXNativeTarget "study_iOS" */;
			buildPhases = (
				79015CD4570240009AFE7603 /* [CP] Check Pods Manifest.lock */,
				62D232922180951400332801 /* Sources */,
				62D232932180951400332801 /* Frameworks */,
				62D232942180951400332801 /* Resources */,
				CD0B8F08201964DF38836806 /* [CP] Embed Pods Frameworks */,
				4ACE50ACF57B6F1F957B25D8 /* [CP] Copy Pods Resources */,
			);
			buildRules = (
			);
			dependencies = (
			);
			name = study_iOS;
			productName = study_iOS;
			productReference = 62D232962180951400332801 /* study_iOS.app */;
			productType = "com.apple.product-type.application";
		};
		62D232B02180951600332801 /* study_iOSTests */ = {
			isa = PBXNativeTarget;
			buildConfigurationList = 62D232C82180951600332801 /* Build configuration list for PBXNativeTarget "study_iOSTests" */;
			buildPhases = (
				C4D5B54E2505491A6AC62AB0 /* [CP] Check Pods Manifest.lock */,
				62D232AD2180951600332801 /* Sources */,
				62D232AE2180951600332801 /* Frameworks */,
				62D232AF2180951600332801 /* Resources */,
				C6A6324E5253516F7E6F74AC /* [CP] Embed Pods Frameworks */,
				D04300B87B23916CB7DD47E3 /* [CP] Copy Pods Resources */,
			);
			buildRules = (
			);
			dependencies = (
				62D232B32180951600332801 /* PBXTargetDependency */,
			);
			name = study_iOSTests;
			productName = study_iOSTests;
			productReference = 62D232B12180951600332801 /* study_iOSTests.xctest */;
			productType = "com.apple.product-type.bundle.unit-test";
		};
		62D232BB2180951600332801 /* study_iOSUITests */ = {
			isa = PBXNativeTarget;
			buildConfigurationList = 62D232CB2180951600332801 /* Build configuration list for PBXNativeTarget "study_iOSUITests" */;
			buildPhases = (
				D7592FF7F69E3075EDCEF371 /* [CP] Check Pods Manifest.lock */,
				62D232B82180951600332801 /* Sources */,
				62D232B92180951600332801 /* Frameworks */,
				62D232BA2180951600332801 /* Resources */,
				84AB8EC03ABF9BD8102E8980 /* [CP] Embed Pods Frameworks */,
				D8F43E02B1292B286576FF6C /* [CP] Copy Pods Resources */,
			);
			buildRules = (
			);
			dependencies = (
				62D232BE2180951600332801 /* PBXTargetDependency */,
			);
			name = study_iOSUITests;
			productName = study_iOSUITests;
			productReference = 62D232BC2180951600332801 /* study_iOSUITests.xctest */;
			productType = "com.apple.product-type.bundle.ui-testing";
		};
/* End PBXNativeTarget section */

/* Begin PBXProject section */
		62D2328E2180951400332801 /* Project object */ = {
			isa = PBXProject;
			attributes = {
				LastUpgradeCheck = 1000;
				ORGANIZATIONNAME = "吴铿";
				TargetAttributes = {
					62D232952180951400332801 = {
						CreatedOnToolsVersion = 10.0;
						ProvisioningStyle = Automatic;
					};
					62D232B02180951600332801 = {
						CreatedOnToolsVersion = 10.0;
						ProvisioningStyle = Automatic;
						TestTargetID = 62D232952180951400332801;
					};
					62D232BB2180951600332801 = {
						CreatedOnToolsVersion = 10.0;
						ProvisioningStyle = Automatic;
						TestTargetID = 62D232952180951400332801;
					};
				};
			};
			buildConfigurationList = 62D232912180951400332801 /* Build configuration list for PBXProject "study_iOS" */;
			compatibilityVersion = "Xcode 8.0";
			developmentRegion = en;
			hasScannedForEncodings = 0;
			knownRegions = (
				en,
				Base,
			);
			mainGroup = 62D2328D2180951400332801;
			productRefGroup = 62D232972180951400332801 /* Products */;
			projectDirPath = "";
			projectRoot = "";
			targets = (
				62D232952180951400332801 /* study_iOS */,
				62D232B02180951600332801 /* study_iOSTests */,
				62D232BB2180951600332801 /* study_iOSUITests */,
			);
		};
/* End PBXProject section */

/* Begin PBXResourcesBuildPhase section */
		62D232942180951400332801 /* Resources */ = {
			isa = PBXResourcesBuildPhase;
			buildActionMask = 2147483647;
			files = (
				62CFE91B21FC57590094BC01 /* shadowImage.png in Resources */,
				627D25232184087400D04160 /* HXPhotoPicker.bundle in Resources */,
				624842F021817F8600CF500D /* LaunchScreen.storyboard in Resources */,
				62CFE91C21FC57590094BC01 /* bgicon.png in Resources */,
				62D232A62180951500332801 /* Assets.xcassets in Resources */,
				624842DF2181740500CF500D /* mainTableView_Cell.xib in Resources */,
			);
			runOnlyForDeploymentPostprocessing = 0;
		};
		62D232AF2180951600332801 /* Resources */ = {
			isa = PBXResourcesBuildPhase;
			buildActionMask = 2147483647;
			files = (
			);
			runOnlyForDeploymentPostprocessing = 0;
		};
		62D232BA2180951600332801 /* Resources */ = {
			isa = PBXResourcesBuildPhase;
			buildActionMask = 2147483647;
			files = (
			);
			runOnlyForDeploymentPostprocessing = 0;
		};
/* End PBXResourcesBuildPhase section */

/* Begin PBXShellScriptBuildPhase section */
		4ACE50ACF57B6F1F957B25D8 /* [CP] Copy Pods Resources */ = {
			isa = PBXShellScriptBuildPhase;
			buildActionMask = 2147483647;
			files = (
			);
			inputPaths = (
			);
			name = "[CP] Copy Pods Resources";
			outputPaths = (
			);
			runOnlyForDeploymentPostprocessing = 0;
			shellPath = /bin/sh;
			shellScript = "\"${SRCROOT}/Pods/Target Support Files/Pods-study_iOS/Pods-study_iOS-resources.sh\"\n";
			showEnvVarsInLog = 0;
		};
		79015CD4570240009AFE7603 /* [CP] Check Pods Manifest.lock */ = {
			isa = PBXShellScriptBuildPhase;
			buildActionMask = 2147483647;
			files = (
			);
			inputPaths = (
			);
			name = "[CP] Check Pods Manifest.lock";
			outputPaths = (
			);
			runOnlyForDeploymentPostprocessing = 0;
			shellPath = /bin/sh;
			shellScript = "diff \"${PODS_PODFILE_DIR_PATH}/Podfile.lock\" \"${PODS_ROOT}/Manifest.lock\" > /dev/null\nif [ $? != 0 ] ; then\n    # print error to STDERR\n    echo \"error: The sandbox is not in sync with the Podfile.lock. Run 'pod install' or update your CocoaPods installation.\" >&2\n    exit 1\nfi\n";
			showEnvVarsInLog = 0;
		};
		84AB8EC03ABF9BD8102E8980 /* [CP] Embed Pods Frameworks */ = {
			isa = PBXShellScriptBuildPhase;
			buildActionMask = 2147483647;
			files = (
			);
			inputPaths = (
			);
			name = "[CP] Embed Pods Frameworks";
			outputPaths = (
			);
			runOnlyForDeploymentPostprocessing = 0;
			shellPath = /bin/sh;
			shellScript = "\"${SRCROOT}/Pods/Target Support Files/Pods-study_iOSUITests/Pods-study_iOSUITests-frameworks.sh\"\n";
			showEnvVarsInLog = 0;
		};
		C4D5B54E2505491A6AC62AB0 /* [CP] Check Pods Manifest.lock */ = {
			isa = PBXShellScriptBuildPhase;
			buildActionMask = 2147483647;
			files = (
			);
			inputPaths = (
			);
			name = "[CP] Check Pods Manifest.lock";
			outputPaths = (
			);
			runOnlyForDeploymentPostprocessing = 0;
			shellPath = /bin/sh;
			shellScript = "diff \"${PODS_PODFILE_DIR_PATH}/Podfile.lock\" \"${PODS_ROOT}/Manifest.lock\" > /dev/null\nif [ $? != 0 ] ; then\n    # print error to STDERR\n    echo \"error: The sandbox is not in sync with the Podfile.lock. Run 'pod install' or update your CocoaPods installation.\" >&2\n    exit 1\nfi\n";
			showEnvVarsInLog = 0;
		};
		C6A6324E5253516F7E6F74AC /* [CP] Embed Pods Frameworks */ = {
			isa = PBXShellScriptBuildPhase;
			buildActionMask = 2147483647;
			files = (
			);
			inputPaths = (
			);
			name = "[CP] Embed Pods Frameworks";
			outputPaths = (
			);
			runOnlyForDeploymentPostprocessing = 0;
			shellPath = /bin/sh;
			shellScript = "\"${SRCROOT}/Pods/Target Support Files/Pods-study_iOSTests/Pods-study_iOSTests-frameworks.sh\"\n";
			showEnvVarsInLog = 0;
		};
		CD0B8F08201964DF38836806 /* [CP] Embed Pods Frameworks */ = {
			isa = PBXShellScriptBuildPhase;
			buildActionMask = 2147483647;
			files = (
			);
			inputPaths = (
			);
			name = "[CP] Embed Pods Frameworks";
			outputPaths = (
			);
			runOnlyForDeploymentPostprocessing = 0;
			shellPath = /bin/sh;
			shellScript = "\"${SRCROOT}/Pods/Target Support Files/Pods-study_iOS/Pods-study_iOS-frameworks.sh\"\n";
			showEnvVarsInLog = 0;
		};
		D04300B87B23916CB7DD47E3 /* [CP] Copy Pods Resources */ = {
			isa = PBXShellScriptBuildPhase;
			buildActionMask = 2147483647;
			files = (
			);
			inputPaths = (
			);
			name = "[CP] Copy Pods Resources";
			outputPaths = (
			);
			runOnlyForDeploymentPostprocessing = 0;
			shellPath = /bin/sh;
			shellScript = "\"${SRCROOT}/Pods/Target Support Files/Pods-study_iOSTests/Pods-study_iOSTests-resources.sh\"\n";
			showEnvVarsInLog = 0;
		};
		D7592FF7F69E3075EDCEF371 /* [CP] Check Pods Manifest.lock */ = {
			isa = PBXShellScriptBuildPhase;
			buildActionMask = 2147483647;
			files = (
			);
			inputPaths = (
			);
			name = "[CP] Check Pods Manifest.lock";
			outputPaths = (
			);
			runOnlyForDeploymentPostprocessing = 0;
			shellPath = /bin/sh;
			shellScript = "diff \"${PODS_PODFILE_DIR_PATH}/Podfile.lock\" \"${PODS_ROOT}/Manifest.lock\" > /dev/null\nif [ $? != 0 ] ; then\n    # print error to STDERR\n    echo \"error: The sandbox is not in sync with the Podfile.lock. Run 'pod install' or update your CocoaPods installation.\" >&2\n    exit 1\nfi\n";
			showEnvVarsInLog = 0;
		};
		D8F43E02B1292B286576FF6C /* [CP] Copy Pods Resources */ = {
			isa = PBXShellScriptBuildPhase;
			buildActionMask = 2147483647;
			files = (
			);
			inputPaths = (
			);
			name = "[CP] Copy Pods Resources";
			outputPaths = (
			);
			runOnlyForDeploymentPostprocessing = 0;
			shellPath = /bin/sh;
			shellScript = "\"${SRCROOT}/Pods/Target Support Files/Pods-study_iOSUITests/Pods-study_iOSUITests-resources.sh\"\n";
			showEnvVarsInLog = 0;
		};
/* End PBXShellScriptBuildPhase section */

/* Begin PBXSourcesBuildPhase section */
		62D232922180951400332801 /* Sources */ = {
			isa = PBXSourcesBuildPhase;
			buildActionMask = 2147483647;
			files = (
				627D25052184087400D04160 /* UIImageView+HXExtension.m in Sources */,
				627D25252184087400D04160 /* HXDatePhotoEditViewController.m in Sources */,
				624842DE2181740500CF500D /* ViewController.m in Sources */,
				62D2329B2180951400332801 /* AppDelegate.m in Sources */,
				624C4175218ADD1F0009A795 /* Touch_MainVC.m in Sources */,
				627D25092184087400D04160 /* HXAlbumListViewController.m in Sources */,
				62CFE91521FC57300094BC01 /* UIViewController+WK_NavigationBarTranstion.m in Sources */,
				627D25072184087400D04160 /* HXDatePhotoInteractiveTransition.m in Sources */,
				62CFE92321FC58710094BC01 /* BigTitleVC.m in Sources */,
				627D25162184087400D04160 /* HXPhotoView.m in Sources */,
				627D251B2184087400D04160 /* HXPhotoSubViewCell.m in Sources */,
				627D25212184087400D04160 /* HXCircleProgressView.m in Sources */,
				627D25172184087400D04160 /* HXFullScreenCameraPlayView.m in Sources */,
				624842F32181804700CF500D /* WK_Tools.m in Sources */,
				627D25062184087400D04160 /* UIFont+HXExtension.m in Sources */,
				627D25022184087400D04160 /* HXDatePhotoPreviewBottomView.m in Sources */,
				627D25182184087400D04160 /* NSDate+HXExtension.m in Sources */,
				625777EC219ED2D00086564A /* UIImage+ColorImage.m in Sources */,
				62CFE91321FC57300094BC01 /* WK_NavigationBar.m in Sources */,
				62D232AC2180951600332801 /* main.m in Sources */,
				627D25032184087400D04160 /* NSBundle+HXPhotoPicker.m in Sources */,
				627D25242184087400D04160 /* HXDatePhotoToolManager.m in Sources */,
				627D25112184087400D04160 /* HXDatePhotoViewPresentTransition.m in Sources */,
				627D25012184087400D04160 /* HXPhoto3DTouchViewController.m in Sources */,
				627D25152184087400D04160 /* HXCustomAssetModel.m in Sources */,
				62D232DC2180CAD400332801 /* FMDBVC.m in Sources */,
				627D25002184087400D04160 /* HXDownloadProgressView.m in Sources */,
				627D250E2184087400D04160 /* HXDatePhotoViewFlowLayout.m in Sources */,
				627D251D2184087400D04160 /* HXAlbumlistView.m in Sources */,
				624842DD2181740500CF500D /* mainTableView_Cell.m in Sources */,
				627D25202184087400D04160 /* HXDatePhotoPersentInteractiveTransition.m in Sources */,
				627D250A2184087400D04160 /* UIView+HXExtension.m in Sources */,
				627D25192184087400D04160 /* HXCustomNavigationController.m in Sources */,
				627D25132184087400D04160 /* UIImage+HXExtension.m in Sources */,
				62D232A42180951400332801 /* study_iOS.xcdatamodeld in Sources */,
				627D251F2184087400D04160 /* HXCustomPreviewView.m in Sources */,
				627D250C2184087400D04160 /* HXPhotoTools.m in Sources */,
				62CFE91821FC57470094BC01 /* ColorPickerView.m in Sources */,
				627D250F2184087400D04160 /* HXDatePhotoViewController.m in Sources */,
				627D251C2184087400D04160 /* HXAlbumModel.m in Sources */,
				62CFE91221FC57300094BC01 /* UIImage+WK_NavigationBarTransition.m in Sources */,
				62CFE91421FC57300094BC01 /* UINavigationController+WK_NavigationBarTransition.m in Sources */,
				627D251E2184087400D04160 /* UIButton+HXExtension.m in Sources */,
				627D250B2184087400D04160 /* HXPhotoCustomNavigationBar.m in Sources */,
				627D25222184087400D04160 /* HXDateVideoEditViewController.m in Sources */,
				627D25082184087400D04160 /* HXPhotoModel.m in Sources */,
				627D25142184087400D04160 /* HXCustomCollectionReusableView.m in Sources */,
				62CFE91121FC57300094BC01 /* WKSwizzle.m in Sources */,
				627D25102184087400D04160 /* HXPhotoManager.m in Sources */,
				627D250D2184087400D04160 /* HXDatePhotoPreviewViewController.m in Sources */,
				627D25042184087400D04160 /* HXCollectionView.m in Sources */,
				627D24FE2184087400D04160 /* UIViewController+HXExtension.m in Sources */,
				627D251A2184087400D04160 /* HXDatePhotoViewTransition.m in Sources */,
				627D25122184087400D04160 /* HXCustomCameraController.m in Sources */,
				627D24FD2184087400D04160 /* HXCustomCameraViewController.m in Sources */,
				627D24FF2184087400D04160 /* HXPhotoConfiguration.m in Sources */,
				62CFE92021FC58270094BC01 /* NaviDemo.m in Sources */,
				62057B8421AA3A6E009EF5FA /* UIColor+WK_Custom.m in Sources */,
			);
			runOnlyForDeploymentPostprocessing = 0;
		};
		62D232AD2180951600332801 /* Sources */ = {
			isa = PBXSourcesBuildPhase;
			buildActionMask = 2147483647;
			files = (
				62D232B62180951600332801 /* study_iOSTests.m in Sources */,
			);
			runOnlyForDeploymentPostprocessing = 0;
		};
		62D232B82180951600332801 /* Sources */ = {
			isa = PBXSourcesBuildPhase;
			buildActionMask = 2147483647;
			files = (
				62D232C12180951600332801 /* study_iOSUITests.m in Sources */,
			);
			runOnlyForDeploymentPostprocessing = 0;
		};
/* End PBXSourcesBuildPhase section */

/* Begin PBXTargetDependency section */
		62D232B32180951600332801 /* PBXTargetDependency */ = {
			isa = PBXTargetDependency;
			target = 62D232952180951400332801 /* study_iOS */;
			targetProxy = 62D232B22180951600332801 /* PBXContainerItemProxy */;
		};
		62D232BE2180951600332801 /* PBXTargetDependency */ = {
			isa = PBXTargetDependency;
			target = 62D232952180951400332801 /* study_iOS */;
			targetProxy = 62D232BD2180951600332801 /* PBXContainerItemProxy */;
		};
/* End PBXTargetDependency section */

/* Begin XCBuildConfiguration section */
		62D232C32180951600332801 /* Debug */ = {
			isa = XCBuildConfiguration;
			buildSettings = {
				ALWAYS_SEARCH_USER_PATHS = NO;
				CLANG_ANALYZER_NONNULL = YES;
				CLANG_ANALYZER_NUMBER_OBJECT_CONVERSION = YES_AGGRESSIVE;
				CLANG_CXX_LANGUAGE_STANDARD = "gnu++14";
				CLANG_CXX_LIBRARY = "libc++";
				CLANG_ENABLE_MODULES = YES;
				CLANG_ENABLE_OBJC_ARC = YES;
				CLANG_ENABLE_OBJC_WEAK = YES;
				CLANG_WARN_BLOCK_CAPTURE_AUTORELEASING = YES;
				CLANG_WARN_BOOL_CONVERSION = YES;
				CLANG_WARN_COMMA = YES;
				CLANG_WARN_CONSTANT_CONVERSION = YES;
				CLANG_WARN_DEPRECATED_OBJC_IMPLEMENTATIONS = YES;
				CLANG_WARN_DIRECT_OBJC_ISA_USAGE = YES_ERROR;
				CLANG_WARN_DOCUMENTATION_COMMENTS = YES;
				CLANG_WARN_EMPTY_BODY = YES;
				CLANG_WARN_ENUM_CONVERSION = YES;
				CLANG_WARN_INFINITE_RECURSION = YES;
				CLANG_WARN_INT_CONVERSION = YES;
				CLANG_WARN_NON_LITERAL_NULL_CONVERSION = YES;
				CLANG_WARN_OBJC_IMPLICIT_RETAIN_SELF = YES;
				CLANG_WARN_OBJC_LITERAL_CONVERSION = YES;
				CLANG_WARN_OBJC_ROOT_CLASS = YES_ERROR;
				CLANG_WARN_RANGE_LOOP_ANALYSIS = YES;
				CLANG_WARN_STRICT_PROTOTYPES = YES;
				CLANG_WARN_SUSPICIOUS_MOVE = YES;
				CLANG_WARN_UNGUARDED_AVAILABILITY = YES_AGGRESSIVE;
				CLANG_WARN_UNREACHABLE_CODE = YES;
				CLANG_WARN__DUPLICATE_METHOD_MATCH = YES;
				CODE_SIGN_IDENTITY = "iPhone Developer";
				COPY_PHASE_STRIP = NO;
				DEBUG_INFORMATION_FORMAT = dwarf;
				ENABLE_STRICT_OBJC_MSGSEND = YES;
				ENABLE_TESTABILITY = YES;
				GCC_C_LANGUAGE_STANDARD = gnu11;
				GCC_DYNAMIC_NO_PIC = NO;
				GCC_NO_COMMON_BLOCKS = YES;
				GCC_OPTIMIZATION_LEVEL = 0;
				GCC_PREPROCESSOR_DEFINITIONS = (
					"DEBUG=1",
					"$(inherited)",
				);
				GCC_WARN_64_TO_32_BIT_CONVERSION = YES;
				GCC_WARN_ABOUT_RETURN_TYPE = YES_ERROR;
				GCC_WARN_UNDECLARED_SELECTOR = YES;
				GCC_WARN_UNINITIALIZED_AUTOS = YES_AGGRESSIVE;
				GCC_WARN_UNUSED_FUNCTION = YES;
				GCC_WARN_UNUSED_VARIABLE = YES;
				IPHONEOS_DEPLOYMENT_TARGET = 12.0;
				MTL_ENABLE_DEBUG_INFO = INCLUDE_SOURCE;
				MTL_FAST_MATH = YES;
				ONLY_ACTIVE_ARCH = YES;
				SDKROOT = iphoneos;
			};
			name = Debug;
		};
		62D232C42180951600332801 /* Release */ = {
			isa = XCBuildConfiguration;
			buildSettings = {
				ALWAYS_SEARCH_USER_PATHS = NO;
				CLANG_ANALYZER_NONNULL = YES;
				CLANG_ANALYZER_NUMBER_OBJECT_CONVERSION = YES_AGGRESSIVE;
				CLANG_CXX_LANGUAGE_STANDARD = "gnu++14";
				CLANG_CXX_LIBRARY = "libc++";
				CLANG_ENABLE_MODULES = YES;
				CLANG_ENABLE_OBJC_ARC = YES;
				CLANG_ENABLE_OBJC_WEAK = YES;
				CLANG_WARN_BLOCK_CAPTURE_AUTORELEASING = YES;
				CLANG_WARN_BOOL_CONVERSION = YES;
				CLANG_WARN_COMMA = YES;
				CLANG_WARN_CONSTANT_CONVERSION = YES;
				CLANG_WARN_DEPRECATED_OBJC_IMPLEMENTATIONS = YES;
				CLANG_WARN_DIRECT_OBJC_ISA_USAGE = YES_ERROR;
				CLANG_WARN_DOCUMENTATION_COMMENTS = YES;
				CLANG_WARN_EMPTY_BODY = YES;
				CLANG_WARN_ENUM_CONVERSION = YES;
				CLANG_WARN_INFINITE_RECURSION = YES;
				CLANG_WARN_INT_CONVERSION = YES;
				CLANG_WARN_NON_LITERAL_NULL_CONVERSION = YES;
				CLANG_WARN_OBJC_IMPLICIT_RETAIN_SELF = YES;
				CLANG_WARN_OBJC_LITERAL_CONVERSION = YES;
				CLANG_WARN_OBJC_ROOT_CLASS = YES_ERROR;
				CLANG_WARN_RANGE_LOOP_ANALYSIS = YES;
				CLANG_WARN_STRICT_PROTOTYPES = YES;
				CLANG_WARN_SUSPICIOUS_MOVE = YES;
				CLANG_WARN_UNGUARDED_AVAILABILITY = YES_AGGRESSIVE;
				CLANG_WARN_UNREACHABLE_CODE = YES;
				CLANG_WARN__DUPLICATE_METHOD_MATCH = YES;
				CODE_SIGN_IDENTITY = "iPhone Developer";
				COPY_PHASE_STRIP = NO;
				DEBUG_INFORMATION_FORMAT = "dwarf-with-dsym";
				ENABLE_NS_ASSERTIONS = NO;
				ENABLE_STRICT_OBJC_MSGSEND = YES;
				GCC_C_LANGUAGE_STANDARD = gnu11;
				GCC_NO_COMMON_BLOCKS = YES;
				GCC_WARN_64_TO_32_BIT_CONVERSION = YES;
				GCC_WARN_ABOUT_RETURN_TYPE = YES_ERROR;
				GCC_WARN_UNDECLARED_SELECTOR = YES;
				GCC_WARN_UNINITIALIZED_AUTOS = YES_AGGRESSIVE;
				GCC_WARN_UNUSED_FUNCTION = YES;
				GCC_WARN_UNUSED_VARIABLE = YES;
				IPHONEOS_DEPLOYMENT_TARGET = 12.0;
				MTL_ENABLE_DEBUG_INFO = NO;
				MTL_FAST_MATH = YES;
				SDKROOT = iphoneos;
				VALIDATE_PRODUCT = YES;
			};
			name = Release;
		};
		62D232C62180951600332801 /* Debug */ = {
			isa = XCBuildConfiguration;
			baseConfigurationReference = 2F272173DF612BE8AECFBE6B /* Pods-study_iOS.debug.xcconfig */;
			buildSettings = {
				ASSETCATALOG_COMPILER_APPICON_NAME = AppIcon;
				CODE_SIGN_STYLE = Automatic;
				DEVELOPMENT_TEAM = BXH74UCC7X;
				GCC_PREFIX_HEADER = "$(SRCROOT)/study_iOS/Tools/WK_Study_iOS.pch";
				INFOPLIST_FILE = study_iOS/Info.plist;
				IPHONEOS_DEPLOYMENT_TARGET = 9.0;
				LD_RUNPATH_SEARCH_PATHS = "$(inherited) @executable_path/Frameworks";
				PRODUCT_BUNDLE_IDENTIFIER = "com.wukeng.study-iOS";
				PRODUCT_NAME = "$(TARGET_NAME)";
				TARGETED_DEVICE_FAMILY = 1;
			};
			name = Debug;
		};
		62D232C72180951600332801 /* Release */ = {
			isa = XCBuildConfiguration;
			baseConfigurationReference = 2655DBA3FE2066C63EAB9F29 /* Pods-study_iOS.release.xcconfig */;
			buildSettings = {
				ASSETCATALOG_COMPILER_APPICON_NAME = AppIcon;
				CODE_SIGN_STYLE = Automatic;
				DEVELOPMENT_TEAM = BXH74UCC7X;
				GCC_PREFIX_HEADER = "$(SRCROOT)/study_iOS/study_iOS/Tools/WK_Study_iOS.pch";
				INFOPLIST_FILE = study_iOS/Info.plist;
				IPHONEOS_DEPLOYMENT_TARGET = 9.0;
				LD_RUNPATH_SEARCH_PATHS = "$(inherited) @executable_path/Frameworks";
				PRODUCT_BUNDLE_IDENTIFIER = "com.wukeng.study-iOS";
				PRODUCT_NAME = "$(TARGET_NAME)";
				TARGETED_DEVICE_FAMILY = 1;
			};
			name = Release;
		};
		62D232C92180951600332801 /* Debug */ = {
			isa = XCBuildConfiguration;
			baseConfigurationReference = 1D269D7B9323CEBCC00104BE /* Pods-study_iOSTests.debug.xcconfig */;
			buildSettings = {
				BUNDLE_LOADER = "$(TEST_HOST)";
				CODE_SIGN_STYLE = Automatic;
				DEVELOPMENT_TEAM = BXH74UCC7X;
				INFOPLIST_FILE = study_iOSTests/Info.plist;
				LD_RUNPATH_SEARCH_PATHS = "$(inherited) @executable_path/Frameworks @loader_path/Frameworks";
				PRODUCT_BUNDLE_IDENTIFIER = "com.wukeng.study-iOSTests";
				PRODUCT_NAME = "$(TARGET_NAME)";
				TARGETED_DEVICE_FAMILY = "1,2";
				TEST_HOST = "$(BUILT_PRODUCTS_DIR)/study_iOS.app/study_iOS";
			};
			name = Debug;
		};
		62D232CA2180951600332801 /* Release */ = {
			isa = XCBuildConfiguration;
			baseConfigurationReference = FC78B8EB5088BFA67526296D /* Pods-study_iOSTests.release.xcconfig */;
			buildSettings = {
				BUNDLE_LOADER = "$(TEST_HOST)";
				CODE_SIGN_STYLE = Automatic;
				DEVELOPMENT_TEAM = BXH74UCC7X;
				INFOPLIST_FILE = study_iOSTests/Info.plist;
				LD_RUNPATH_SEARCH_PATHS = "$(inherited) @executable_path/Frameworks @loader_path/Frameworks";
				PRODUCT_BUNDLE_IDENTIFIER = "com.wukeng.study-iOSTests";
				PRODUCT_NAME = "$(TARGET_NAME)";
				TARGETED_DEVICE_FAMILY = "1,2";
				TEST_HOST = "$(BUILT_PRODUCTS_DIR)/study_iOS.app/study_iOS";
			};
			name = Release;
		};
		62D232CC2180951600332801 /* Debug */ = {
			isa = XCBuildConfiguration;
			baseConfigurationReference = 3DCA76B6161445A5356F2815 /* Pods-study_iOSUITests.debug.xcconfig */;
			buildSettings = {
				CODE_SIGN_STYLE = Automatic;
				DEVELOPMENT_TEAM = BXH74UCC7X;
				INFOPLIST_FILE = study_iOSUITests/Info.plist;
				LD_RUNPATH_SEARCH_PATHS = "$(inherited) @executable_path/Frameworks @loader_path/Frameworks";
				PRODUCT_BUNDLE_IDENTIFIER = "com.wukeng.study-iOSUITests";
				PRODUCT_NAME = "$(TARGET_NAME)";
				TARGETED_DEVICE_FAMILY = "1,2";
				TEST_TARGET_NAME = study_iOS;
			};
			name = Debug;
		};
		62D232CD2180951600332801 /* Release */ = {
			isa = XCBuildConfiguration;
			baseConfigurationReference = DE06ACDAD06A1C0F580C8AB0 /* Pods-study_iOSUITests.release.xcconfig */;
			buildSettings = {
				CODE_SIGN_STYLE = Automatic;
				DEVELOPMENT_TEAM = BXH74UCC7X;
				INFOPLIST_FILE = study_iOSUITests/Info.plist;
				LD_RUNPATH_SEARCH_PATHS = "$(inherited) @executable_path/Frameworks @loader_path/Frameworks";
				PRODUCT_BUNDLE_IDENTIFIER = "com.wukeng.study-iOSUITests";
				PRODUCT_NAME = "$(TARGET_NAME)";
				TARGETED_DEVICE_FAMILY = "1,2";
				TEST_TARGET_NAME = study_iOS;
			};
			name = Release;
		};
/* End XCBuildConfiguration section */

/* Begin XCConfigurationList section */
		62D232912180951400332801 /* Build configuration list for PBXProject "study_iOS" */ = {
			isa = XCConfigurationList;
			buildConfigurations = (
				62D232C32180951600332801 /* Debug */,
				62D232C42180951600332801 /* Release */,
			);
			defaultConfigurationIsVisible = 0;
			defaultConfigurationName = Release;
		};
		62D232C52180951600332801 /* Build configuration list for PBXNativeTarget "study_iOS" */ = {
			isa = XCConfigurationList;
			buildConfigurations = (
				62D232C62180951600332801 /* Debug */,
				62D232C72180951600332801 /* Release */,
			);
			defaultConfigurationIsVisible = 0;
			defaultConfigurationName = Release;
		};
		62D232C82180951600332801 /* Build configuration list for PBXNativeTarget "study_iOSTests" */ = {
			isa = XCConfigurationList;
			buildConfigurations = (
				62D232C92180951600332801 /* Debug */,
				62D232CA2180951600332801 /* Release */,
			);
			defaultConfigurationIsVisible = 0;
			defaultConfigurationName = Release;
		};
		62D232CB2180951600332801 /* Build configuration list for PBXNativeTarget "study_iOSUITests" */ = {
			isa = XCConfigurationList;
			buildConfigurations = (
				62D232CC2180951600332801 /* Debug */,
				62D232CD2180951600332801 /* Release */,
			);
			defaultConfigurationIsVisible = 0;
			defaultConfigurationName = Release;
		};
/* End XCConfigurationList section */

/* Begin XCVersionGroup section */
		62D232A22180951400332801 /* study_iOS.xcdatamodeld */ = {
			isa = XCVersionGroup;
			children = (
				62D232A32180951400332801 /* study_iOS.xcdatamodel */,
			);
			currentVersion = 62D232A32180951400332801 /* study_iOS.xcdatamodel */;
			path = study_iOS.xcdatamodeld;
			sourceTree = "<group>";
			versionGroupType = wrapper.xcdatamodel;
		};
/* End XCVersionGroup section */
	};
	rootObject = 62D2328E2180951400332801 /* Project object */;
}
